
Microsoft Visual Studio Solution File, Format Version 12.00
# Visual Studio Version 17
VisualStudioVersion = 17.13.35828.75 d17.13
MinimumVisualStudioVersion = 10.0.40219.1
Project("{FAE04EC0-301F-11D3-BF4B-00C04F79EFBC}") = "eu só queria ser feliz (isso não foi uma piada)", "eu só queria ser feliz (isso não foi uma piada).csproj", "{010C54FA-5170-4807-A4C7-A22E77D59704}"
EndProject
Global
	GlobalSection(SolutionConfigurationPlatforms) = preSolution
		Debug|Any CPU = Debug|Any CPU
		Release|Any CPU = Release|Any CPU
	EndGlobalSection
	GlobalSection(ProjectConfigurationPlatforms) = postSolution
		{010C54FA-5170-4807-A4C7-A22E77D59704}.Debug|Any CPU.ActiveCfg = Debug|Any CPU
		{010C54FA-5170-4807-A4C7-A22E77D59704}.Debug|Any CPU.Build.0 = Debug|Any CPU
		{010C54FA-5170-4807-A4C7-A22E77D59704}.Release|Any CPU.ActiveCfg = Release|Any CPU
		{010C54FA-5170-4807-A4C7-A22E77D59704}.Release|Any CPU.Build.0 = Release|Any CPU
	EndGlobalSection
	GlobalSection(SolutionProperties) = preSolution
		HideSolutionNode = FALSE
	EndGlobalSection
	GlobalSection(ExtensibilityGlobals) = postSolution
		SolutionGuid = {3A87A132-2047-427A-BCD1-8FFC55826D6D}
	EndGlobalSection
EndGlobal
